// !$*UTF8*$!
{
	archiveVersion = 1;
	classes = {
	};
	objectVersion = 38;
	objects = {
		080E96DAFE201CDB7F000001 = {
			fileRef = 2A37F4B6FDCFA73011CA2CEA;
			isa = PBXBuildFile;
			settings = {
			};
		};
		080E96DBFE201CDB7F000001 = {
			fileRef = 2A37F4B4FDCFA73011CA2CEA;
			isa = PBXBuildFile;
			settings = {
			};
		};
		089C165FFE840EACC02AAC07 = {
			children = (
				089C1660FE840EACC02AAC07,
				F5516F2502B7E16E0128824A,
				F516EFD9030808A501000104,
				7F11B78703E32CCF0088D5B5,
				7F11B78C03E32CE50088D5B5,
				7F7B9579042B5AAB0028F28B,
			);
			isa = PBXVariantGroup;
			name = InfoPlist.strings;
			refType = 4;
		};
		089C1660FE840EACC02AAC07 = {
			fileEncoding = 10;
			isa = PBXFileReference;
			name = English;
			path = English.lproj/InfoPlist.strings;
			refType = 4;
		};
		089C1661FE840EACC02AAC07 = {
			fileRef = 089C165FFE840EACC02AAC07;
			isa = PBXBuildFile;
			settings = {
			};
		};
//080
//081
//082
//083
//084
//100
//101
//102
//103
//104
		1058C7A6FEA54F5311CA2CBB = {
			children = (
				1058C7A7FEA54F5311CA2CBB,
				F52FB274037F73FB012884B0,
				F55C3B4503A3DFCE0100011D,
			);
			isa = PBXGroup;
			name = "Linked Frameworks";
			refType = 4;
		};
		1058C7A7FEA54F5311CA2CBB = {
			isa = PBXFrameworkReference;
			name = Cocoa.framework;
			path = /System/Library/Frameworks/Cocoa.framework;
			refType = 0;
		};
		1058C7A8FEA54F5311CA2CBB = {
			children = (
				2A37F4C5FDCFA73011CA2CEA,
				2A37F4C4FDCFA73011CA2CEA,
			);
			isa = PBXGroup;
			name = "Other Frameworks";
			refType = 4;
		};
		1058C7A9FEA54F5311CA2CBB = {
			fileRef = 1058C7A7FEA54F5311CA2CBB;
			isa = PBXBuildFile;
			settings = {
			};
		};
//100
//101
//102
//103
//104
//170
//171
//172
//173
//174
		1758732AFF379DA111CA2CBB = {
			isa = PBXApplicationReference;
			path = GPGFileTool.app;
			refType = 3;
		};
//170
//171
//172
//173
//174
//190
//191
//192
//193
//194
		19C28FB0FE9D524F11CA2CBB = {
			children = (
				1758732AFF379DA111CA2CBB,
			);
			isa = PBXGroup;
			name = Products;
			refType = 4;
		};
//190
//191
//192
//193
//194
//2A0
//2A1
//2A2
//2A3
//2A4
		2A37F4A9FDCFA73011CA2CEA = {
			buildStyles = (
				4A9504D0FFE6A4CB11CA0CBA,
				4A9504D1FFE6A4CB11CA0CBA,
			);
			hasScannedForEncodings = 1;
			isa = PBXProject;
			knownRegions = (
				English,
				Japanese,
				French,
				German,
				Spanish,
				Italian,
				Swedish,
			);
			mainGroup = 2A37F4AAFDCFA73011CA2CEA;
			projectDirPath = "";
			targets = (
				2A37F4C6FDCFA73011CA2CEA,
			);
		};
		2A37F4AAFDCFA73011CA2CEA = {
			children = (
				2A37F4ABFDCFA73011CA2CEA,
				2A37F4AFFDCFA73011CA2CEA,
				F5D07E980392CF8F012884B0,
				7F7B9557042B5A4E0028F28B,
				2A37F4B8FDCFA73011CA2CEA,
				2A37F4C3FDCFA73011CA2CEA,
				19C28FB0FE9D524F11CA2CBB,
			);
			isa = PBXGroup;
			name = "GPGDropThing Deux";
			path = "";
			refType = 4;
		};
		2A37F4ABFDCFA73011CA2CEA = {
			children = (
				F55C3B5203A3DFE10100011D,
				F530C423025276AC0128824A,
				F530C424025276AC0128824A,
				F511FDFC02629B760128824A,
				F511FDFD02629B760128824A,
				F55C3B5903A3E2640100011D,
				F55C3B5A03A3E2640100011D,
			);
			isa = PBXGroup;
			name = Classes;
			path = "";
			refType = 4;
		};
		2A37F4ACFDCFA73011CA2CEA = {
			fileEncoding = 4;
			isa = PBXFileReference;
			path = GPGDocument.m;
			refType = 4;
		};
		2A37F4AEFDCFA73011CA2CEA = {
			fileEncoding = 4;
			isa = PBXFileReference;
			path = GPGDocument.h;
			refType = 4;
		};
		2A37F4AFFDCFA73011CA2CEA = {
			children = (
				2A37F4B0FDCFA73011CA2CEA,
				F571FE8802B61E510128824A,
				F571FE8902B61E510128824A,
			);
			isa = PBXGroup;
			name = "Other Sources";
			path = "";
			refType = 4;
		};
		2A37F4B0FDCFA73011CA2CEA = {
			fileEncoding = 4;
			isa = PBXFileReference;
			path = main.m;
			refType = 4;
		};
		2A37F4B4FDCFA73011CA2CEA = {
			children = (
				F5C8211C02FF680901000104,
				F5516F2302B7E16E0128824A,
				F516EFD7030808A501000104,
				7F11B78603E32CCF0088D5B5,
				7F11B78B03E32CE50088D5B5,
				7F7B9578042B5AAB0028F28B,
			);
			isa = PBXVariantGroup;
			name = GPGDocument.nib;
			path = "";
			refType = 4;
		};
		2A37F4B6FDCFA73011CA2CEA = {
			children = (
				2A37F4B7FDCFA73011CA2CEA,
				F5516F2202B7E16E0128824A,
				F516EFD6030808A501000104,
				7F11B78903E32CCF0088D5B5,
				7F11B78D03E32CE50088D5B5,
				7F7B957B042B5AAB0028F28B,
			);
			isa = PBXVariantGroup;
			name = MainMenu.nib;
			path = "";
			refType = 4;
		};
		2A37F4B7FDCFA73011CA2CEA = {
			isa = PBXFileReference;
			name = English;
			path = English.lproj/MainMenu.nib;
			refType = 4;
		};
		2A37F4B8FDCFA73011CA2CEA = {
			children = (
				F5A9BC1602B6A2620128824A,
				2A37F4B6FDCFA73011CA2CEA,
				2A37F4B4FDCFA73011CA2CEA,
				F511FDFE02629B770128824A,
				089C165FFE840EACC02AAC07,
				F571FE8C02B61F450128824A,
				F527162C03B3AE020100011D,
				F527162D03B3AE020100011D,
				F527162E03B3AE030100011D,
				F527162F03B3AE030100011D,
				F527163003B3AE030100011D,
				F527163103B3AE030100011D,
			);
			isa = PBXGroup;
			name = Resources;
			path = "";
			refType = 4;
		};
		2A37F4C3FDCFA73011CA2CEA = {
			children = (
				1058C7A6FEA54F5311CA2CBB,
				1058C7A8FEA54F5311CA2CBB,
			);
			isa = PBXGroup;
			name = Frameworks;
			path = "";
			refType = 4;
		};
		2A37F4C4FDCFA73011CA2CEA = {
			isa = PBXFrameworkReference;
			name = AppKit.framework;
			path = /System/Library/Frameworks/AppKit.framework;
			refType = 0;
		};
		2A37F4C5FDCFA73011CA2CEA = {
			isa = PBXFrameworkReference;
			name = Foundation.framework;
			path = /System/Library/Frameworks/Foundation.framework;
			refType = 0;
		};
		2A37F4C6FDCFA73011CA2CEA = {
			buildPhases = (
				2A37F4C7FDCFA73011CA2CEA,
				2A37F4C9FDCFA73011CA2CEA,
				2A37F4CEFDCFA73011CA2CEA,
				2A37F4D1FDCFA73011CA2CEA,
				F5933615025A0F1B0128824A,
			);
			buildSettings = {
				FRAMEWORK_SEARCH_PATHS = "../GPGME/build ../GPGAppKit/build";
				HEADER_SEARCH_PATHS = "";
				INSTALL_PATH = "$(HOME)/Applications";
				LIBRARY_SEARCH_PATHS = "";
				OTHER_CFLAGS = "";
				OTHER_LDFLAGS = "";
				PRODUCT_NAME = GPGFileTool;
				SECTORDER_FLAGS = "";
				WARNING_CFLAGS = "-Wmost -Wno-four-char-constants -Wno-unknown-pragmas";
				WRAPPER_EXTENSION = app;
			};
			dependencies = (
			);
			isa = PBXApplicationTarget;
			name = GPGFileTool;
			productInstallPath = "$(HOME)/Applications";
			productName = "GPGDropThing Deux";
			productReference = 1758732AFF379DA111CA2CBB;
			productSettingsXML = "<?xml version=\"1.0\" encoding=\"UTF-8\"?>
<!DOCTYPE plist PUBLIC \"-//Apple Computer//DTD PLIST 1.0//EN\" \"http://www.apple.com/DTDs/PropertyList-1.0.dtd\">
<plist version=\"1.0\">
<dict>
	<key>CFBundleDevelopmentRegion</key>
	<string>English</string>
	<key>CFBundleDocumentTypes</key>
	<array>
		<dict>
			<key>CFBundleTypeExtensions</key>
			<array>
				<string>gpge</string>
			</array>
			<key>CFBundleTypeIconFile</key>
			<string>DocumentEncrypted.icns</string>
			<key>CFBundleTypeName</key>
			<string>Encrypted file</string>
			<key>CFBundleTypeOSTypes</key>
			<array>
				<string>GPGc</string>
			</array>
			<key>CFBundleTypeRole</key>
			<string>Viewer</string>
			<key>NSDocumentClass</key>
			<string>GPGDocument</string>
		</dict>
		<dict>
			<key>CFBundleTypeExtensions</key>
			<array>
				<string>gpgs</string>
			</array>
			<key>CFBundleTypeIconFile</key>
			<string>DocumentSigned.icns</string>
			<key>CFBundleTypeName</key>
			<string>Signed file</string>
			<key>CFBundleTypeOSTypes</key>
			<array>
				<string>GPGs</string>
			</array>
			<key>CFBundleTypeRole</key>
			<string>Viewer</string>
			<key>NSDocumentClass</key>
			<string>GPGDocument</string>
		</dict>
		<dict>
			<key>CFBundleTypeExtensions</key>
			<array>
				<string>asc</string>
			</array>
			<key>CFBundleTypeIconFile</key>
			<string>DocumentClearsigned.icns</string>
			<key>CFBundleTypeName</key>
			<string>Clearsigned file</string>
			<key>CFBundleTypeOSTypes</key>
			<array>
				<string>GPGa</string>
			</array>
			<key>CFBundleTypeRole</key>
			<string>Viewer</string>
			<key>NSDocumentClass</key>
			<string>GPGDocument</string>
		</dict>
		<dict>
			<key>CFBundleTypeExtensions</key>
			<array>
				<string>sig</string>
			</array>
			<key>CFBundleTypeIconFile</key>
			<string>DocumentDetachedSignature.icns</string>
			<key>CFBundleTypeName</key>
			<string>Detached signature</string>
			<key>CFBundleTypeOSTypes</key>
			<array>
				<string>GPGb</string>
				<string>pgDS</string>
			</array>
			<key>CFBundleTypeRole</key>
			<string>Viewer</string>
			<key>NSDocumentClass</key>
			<string>GPGDocument</string>
		</dict>
		<dict>
			<key>CFBundleTypeExtensions</key>
			<array>
				<string>*</string>
			</array>
			<key>CFBundleTypeName</key>
			<string>Data</string>
			<key>CFBundleTypeOSTypes</key>
			<array>
				<string>****</string>
			</array>
			<key>CFBundleTypeRole</key>
			<string>Viewer</string>
			<key>NSDocumentClass</key>
			<string>GPGDocument</string>
		</dict>
		<dict>
			<key>CFBundleTypeExtensions</key>
			<array>
				<string>gpg</string>
				<string>pgp</string>
			</array>
			<key>CFBundleTypeIconFile</key>
			<string>DocumentEncryptedAndSigned.icns</string>
			<key>CFBundleTypeName</key>
			<string>Encrypted &amp; Signed file</string>
			<key>CFBundleTypeOSTypes</key>
			<array>
				<string>GPGe</string>
				<string>pgEF</string>
			</array>
			<key>CFBundleTypeRole</key>
			<string>Viewer</string>
			<key>NSDocumentClass</key>
			<string>GPGDocument</string>
		</dict>
		<dict>
			<key>CFBundleTypeExtensions</key>
			<array>
				<string>gpgc</string>
			</array>
			<key>CFBundleTypeIconFile</key>
			<string>DocumentEncrypted.icns</string>
			<key>CFBundleTypeName</key>
			<string>Symmetrically Encrypted file</string>
			<key>CFBundleTypeOSTypes</key>
			<array>
				<string>GPGy</string>
			</array>
			<key>CFBundleTypeRole</key>
			<string>Viewer</string>
			<key>NSDocumentClass</key>
			<string>GPGDocument</string>
		</dict>
	</array>
	<key>CFBundleExecutable</key>
	<string>GPGFileTool</string>
	<key>CFBundleGetInfoString</key>
	<string>GPGFileTool Copyright Mac GPG Project</string>
	<key>CFBundleIconFile</key>
	<string>GPGFileTool.icns</string>
	<key>CFBundleIdentifier</key>
	<string>net.sourceforge.macgpg.GPGFileTool</string>
	<key>CFBundleInfoDictionaryVersion</key>
	<string>6.0</string>
	<key>CFBundleName</key>
	<string>GPGFileTool</string>
	<key>CFBundlePackageType</key>
	<string>APPL</string>
	<key>CFBundleShortVersionString</key>
	<string>2.0</string>
	<key>CFBundleSignature</key>
	<string>dGPG</string>
	<key>CFBundleVersion</key>
	<string>41</string>
	<key>NSMainNibFile</key>
	<string>MainMenu</string>
	<key>NSPrincipalClass</key>
	<string>NSApplication</string>
</dict>
</plist>
";
		};
		2A37F4C7FDCFA73011CA2CEA = {
			buildActionMask = 2147483647;
			files = (
				2A37F4C8FDCFA73011CA2CEA,
				F530C425025276AC0128824A,
				F511FE0002629B770128824A,
				F5C8211A02FF5E2D01000104,
				F55C3B5B03A3E2640100011D,
			);
			isa = PBXHeadersBuildPhase;
			runOnlyForDeploymentPostprocessing = 0;
		};
		2A37F4C8FDCFA73011CA2CEA = {
			fileRef = 2A37F4AEFDCFA73011CA2CEA;
			isa = PBXBuildFile;
			settings = {
			};
		};
		2A37F4C9FDCFA73011CA2CEA = {
			buildActionMask = 2147483647;
			files = (
				080E96DAFE201CDB7F000001,
				080E96DBFE201CDB7F000001,
				089C1661FE840EACC02AAC07,
				F511FE0102629B770128824A,
				F5A9BC1802B6A2620128824A,
				F5C8211902FF5BDF01000104,
				F527163203B3AE030100011D,
				F527163303B3AE030100011D,
				F527163403B3AE030100011D,
				F527163503B3AE030100011D,
				F527163603B3AE030100011D,
				F527163703B3AE030100011D,
				7F7B956B042B5A4E0028F28B,
				7F7B956C042B5A4E0028F28B,
				7F7B956D042B5A4E0028F28B,
				7F7B956E042B5A4E0028F28B,
				7F7B956F042B5A4E0028F28B,
				7F7B9570042B5A4E0028F28B,
				7F7B9571042B5A4E0028F28B,
				7F7B9572042B5A4E0028F28B,
				7F7B9573042B5A4E0028F28B,
				7F7B9574042B5A4E0028F28B,
				7F7B9575042B5A4E0028F28B,
				7F7B9576042B5A4E0028F28B,
			);
			isa = PBXResourcesBuildPhase;
			runOnlyForDeploymentPostprocessing = 0;
		};
		2A37F4CEFDCFA73011CA2CEA = {
			buildActionMask = 2147483647;
			files = (
				2A37F4CFFDCFA73011CA2CEA,
				2A37F4D0FDCFA73011CA2CEA,
				F530C426025276AC0128824A,
				F511FE0202629B770128824A,
				F5C8211B02FF5E2D01000104,
				F55C3AE203A3C1AF0100011D,
				F55C3AE403A3C2220100011D,
				F55C3AE703A3C2800100011D,
				F55C3B5C03A3E2640100011D,
			);
			isa = PBXSourcesBuildPhase;
			runOnlyForDeploymentPostprocessing = 0;
		};
		2A37F4CFFDCFA73011CA2CEA = {
			fileRef = 2A37F4ACFDCFA73011CA2CEA;
			isa = PBXBuildFile;
			settings = {
				ATTRIBUTES = (
				);
			};
		};
		2A37F4D0FDCFA73011CA2CEA = {
			fileRef = 2A37F4B0FDCFA73011CA2CEA;
			isa = PBXBuildFile;
			settings = {
				ATTRIBUTES = (
				);
			};
		};
		2A37F4D1FDCFA73011CA2CEA = {
			buildActionMask = 2147483647;
			files = (
				1058C7A9FEA54F5311CA2CBB,
				F52FB27A037F73FB012884B0,
				F55C3B4F03A3DFCE0100011D,
			);
			isa = PBXFrameworksBuildPhase;
			runOnlyForDeploymentPostprocessing = 0;
		};
//2A0
//2A1
//2A2
//2A3
//2A4
//4A0
//4A1
//4A2
//4A3
//4A4
		4A9504D0FFE6A4CB11CA0CBA = {
			buildRules = (
			);
			buildSettings = {
				COPY_PHASE_STRIP = NO;
				OPTIMIZATION_CFLAGS = "-O0";
			};
			isa = PBXBuildStyle;
			name = Development;
		};
		4A9504D1FFE6A4CB11CA0CBA = {
			buildRules = (
			);
			buildSettings = {
				COPY_PHASE_STRIP = YES;
			};
			isa = PBXBuildStyle;
			name = Deployment;
		};
//4A0
//4A1
//4A2
//4A3
//4A4
//7F0
//7F1
//7F2
//7F3
//7F4
		7F11B78503E32CCF0088D5B5 = {
			isa = PBXFileReference;
			name = Italian;
			path = Italian.lproj/Credits.html;
			refType = 4;
		};
		7F11B78603E32CCF0088D5B5 = {
			isa = PBXFileReference;
			name = Italian;
			path = Italian.lproj/GPGDocument.nib;
			refType = 4;
		};
		7F11B78703E32CCF0088D5B5 = {
			isa = PBXFileReference;
			name = Italian;
			path = Italian.lproj/InfoPlist.strings;
			refType = 4;
		};
		7F11B78803E32CCF0088D5B5 = {
			isa = PBXFileReference;
			name = Italian;
			path = Italian.lproj/Localizable.strings;
			refType = 4;
		};
		7F11B78903E32CCF0088D5B5 = {
			isa = PBXFileReference;
			name = Italian;
			path = Italian.lproj/MainMenu.nib;
			refType = 4;
		};
		7F11B78A03E32CCF0088D5B5 = {
			isa = PBXFileReference;
			name = Italian;
			path = Italian.lproj/Preferences.nib;
			refType = 4;
		};
		7F11B78B03E32CE50088D5B5 = {
			isa = PBXFileReference;
			name = Spanish;
			path = Spanish.lproj/GPGDocument.nib;
			refType = 4;
		};
		7F11B78C03E32CE50088D5B5 = {
			isa = PBXFileReference;
			name = Spanish;
			path = Spanish.lproj/InfoPlist.strings;
			refType = 4;
		};
		7F11B78D03E32CE50088D5B5 = {
			isa = PBXFileReference;
			name = Spanish;
			path = Spanish.lproj/MainMenu.nib;
			refType = 4;
		};
		7F11B78E03E32CE50088D5B5 = {
			isa = PBXFileReference;
			name = Spanish;
			path = Spanish.lproj/Preferences.nib;
			refType = 4;
		};
		7F7B9557042B5A4E0028F28B = {
			children = (
				7F7B9558042B5A4E0028F28B,
				7F7B9559042B5A4E0028F28B,
				7F7B955C042B5A4E0028F28B,
				7F7B955F042B5A4E0028F28B,
				7F7B9562042B5A4E0028F28B,
				7F7B9565042B5A4E0028F28B,
				7F7B9568042B5A4E0028F28B,
			);
			isa = PBXGroup;
			path = Documentation;
			refType = 4;
		};
		7F7B9558042B5A4E0028F28B = {
			children = (
			);
			isa = PBXGroup;
			path = Dansk;
			refType = 4;
		};
		7F7B9559042B5A4E0028F28B = {
			children = (
				7F7B955A042B5A4E0028F28B,
				7F7B955B042B5A4E0028F28B,
			);
			isa = PBXGroup;
			path = Deutsch;
			refType = 4;
		};
		7F7B955A042B5A4E0028F28B = {
			isa = PBXFileReference;
			path = Aenderungslog.rtf;
			refType = 4;
		};
		7F7B955B042B5A4E0028F28B = {
			isa = PBXFileReference;
			path = "Bitte lesen.rtf";
			refType = 4;
		};
		7F7B955C042B5A4E0028F28B = {
			children = (
				7F7B955D042B5A4E0028F28B,
				7F7B955E042B5A4E0028F28B,
			);
			isa = PBXGroup;
			path = English;
			refType = 4;
		};
		7F7B955D042B5A4E0028F28B = {
			isa = PBXFileReference;
			path = "Change Log.rtf";
			refType = 4;
		};
		7F7B955E042B5A4E0028F28B = {
			isa = PBXFileReference;
			path = "Read Me.rtf";
			refType = 4;
		};
		7F7B955F042B5A4E0028F28B = {
			children = (
				7F7B9560042B5A4E0028F28B,
				7F7B9561042B5A4E0028F28B,
			);
			isa = PBXGroup;
			path = Espanol;
			refType = 4;
		};
		7F7B9560042B5A4E0028F28B = {
			isa = PBXFileReference;
			path = "Diario de cambios.rtf";
			refType = 4;
		};
		7F7B9561042B5A4E0028F28B = {
			isa = PBXFileReference;
			path = Leame.rtf;
			refType = 4;
		};
		7F7B9562042B5A4E0028F28B = {
			children = (
				7F7B9563042B5A4E0028F28B,
				7F7B9564042B5A4E0028F28B,
			);
			isa = PBXGroup;
			path = Francais;
			refType = 4;
		};
		7F7B9563042B5A4E0028F28B = {
			isa = PBXFileReference;
			path = "Lisez-moi.rtf";
			refType = 4;
		};
		7F7B9564042B5A4E0028F28B = {
			isa = PBXFileReference;
			path = "Log des modifications.rtf";
			refType = 4;
		};
		7F7B9565042B5A4E0028F28B = {
			children = (
				7F7B9566042B5A4E0028F28B,
				7F7B9567042B5A4E0028F28B,
			);
			isa = PBXGroup;
			path = Italiano;
			refType = 4;
		};
		7F7B9566042B5A4E0028F28B = {
			isa = PBXFileReference;
			path = Cambiamenti.rtf;
			refType = 4;
		};
		7F7B9567042B5A4E0028F28B = {
			isa = PBXFileReference;
			path = Leggimi.rtf;
			refType = 4;
		};
		7F7B9568042B5A4E0028F28B = {
			children = (
				7F7B9569042B5A4E0028F28B,
				7F7B956A042B5A4E0028F28B,
			);
			isa = PBXGroup;
			path = Svensk;
			refType = 4;
		};
		7F7B9569042B5A4E0028F28B = {
			isa = PBXFileReference;
			path = Foeraendringslogg.rtf;
			refType = 4;
		};
		7F7B956A042B5A4E0028F28B = {
			isa = PBXFileReference;
			path = "Laes mig.rtf";
			refType = 4;
		};
		7F7B956B042B5A4E0028F28B = {
			fileRef = 7F7B955A042B5A4E0028F28B;
			isa = PBXBuildFile;
			settings = {
			};
		};
		7F7B956C042B5A4E0028F28B = {
			fileRef = 7F7B955B042B5A4E0028F28B;
			isa = PBXBuildFile;
			settings = {
			};
		};
		7F7B956D042B5A4E0028F28B = {
			fileRef = 7F7B955D042B5A4E0028F28B;
			isa = PBXBuildFile;
			settings = {
			};
		};
		7F7B956E042B5A4E0028F28B = {
			fileRef = 7F7B955E042B5A4E0028F28B;
			isa = PBXBuildFile;
			settings = {
			};
		};
		7F7B956F042B5A4E0028F28B = {
			fileRef = 7F7B9560042B5A4E0028F28B;
			isa = PBXBuildFile;
			settings = {
			};
		};
		7F7B9570042B5A4E0028F28B = {
			fileRef = 7F7B9561042B5A4E0028F28B;
			isa = PBXBuildFile;
			settings = {
			};
		};
		7F7B9571042B5A4E0028F28B = {
			fileRef = 7F7B9563042B5A4E0028F28B;
			isa = PBXBuildFile;
			settings = {
			};
		};
		7F7B9572042B5A4E0028F28B = {
			fileRef = 7F7B9564042B5A4E0028F28B;
			isa = PBXBuildFile;
			settings = {
			};
		};
		7F7B9573042B5A4E0028F28B = {
			fileRef = 7F7B9566042B5A4E0028F28B;
			isa = PBXBuildFile;
			settings = {
			};
		};
		7F7B9574042B5A4E0028F28B = {
			fileRef = 7F7B9567042B5A4E0028F28B;
			isa = PBXBuildFile;
			settings = {
			};
		};
		7F7B9575042B5A4E0028F28B = {
			fileRef = 7F7B9569042B5A4E0028F28B;
			isa = PBXBuildFile;
			settings = {
			};
		};
		7F7B9576042B5A4E0028F28B = {
			fileRef = 7F7B956A042B5A4E0028F28B;
			isa = PBXBuildFile;
			settings = {
			};
		};
		7F7B9577042B5AAB0028F28B = {
			isa = PBXFileReference;
			name = Swedish;
			path = Swedish.lproj/Credits.html;
			refType = 4;
		};
		7F7B9578042B5AAB0028F28B = {
			isa = PBXFileReference;
			name = Swedish;
			path = Swedish.lproj/GPGDocument.nib;
			refType = 4;
		};
		7F7B9579042B5AAB0028F28B = {
			isa = PBXFileReference;
			name = Swedish;
			path = Swedish.lproj/InfoPlist.strings;
			refType = 4;
		};
		7F7B957A042B5AAB0028F28B = {
			isa = PBXFileReference;
			name = Swedish;
			path = Swedish.lproj/Localizable.strings;
			refType = 4;
		};
		7F7B957B042B5AAB0028F28B = {
			isa = PBXFileReference;
			name = Swedish;
			path = Swedish.lproj/MainMenu.nib;
			refType = 4;
		};
		7F7B957C042B5AAB0028F28B = {
			isa = PBXFileReference;
			name = Swedish;
			path = Swedish.lproj/Preferences.nib;
			refType = 4;
		};
//7F0
//7F1
//7F2
//7F3
//7F4
//F50
//F51
//F52
//F53
//F54
		F511FDFC02629B760128824A = {
			fileEncoding = 4;
			isa = PBXFileReference;
			path = GPGPrefController.h;
			refType = 4;
		};
		F511FDFD02629B760128824A = {
			fileEncoding = 4;
			isa = PBXFileReference;
			path = GPGPrefController.m;
			refType = 4;
		};
		F511FDFE02629B770128824A = {
			children = (
				F511FDFF02629B770128824A,
				F5516F2402B7E16E0128824A,
				F516EFD8030808A501000104,
				7F11B78A03E32CCF0088D5B5,
				7F11B78E03E32CE50088D5B5,
				7F7B957C042B5AAB0028F28B,
			);
			isa = PBXVariantGroup;
			name = Preferences.nib;
			path = "";
			refType = 4;
		};
		F511FDFF02629B770128824A = {
			isa = PBXFileReference;
			name = English;
			path = English.lproj/Preferences.nib;
			refType = 4;
		};
		F511FE0002629B770128824A = {
			fileRef = F511FDFC02629B760128824A;
			isa = PBXBuildFile;
			settings = {
			};
		};
		F511FE0102629B770128824A = {
			fileRef = F511FDFE02629B770128824A;
			isa = PBXBuildFile;
			settings = {
			};
		};
		F511FE0202629B770128824A = {
			fileRef = F511FDFD02629B760128824A;
			isa = PBXBuildFile;
			settings = {
			};
		};
		F516EFD5030808A501000104 = {
			fileEncoding = 4;
			isa = PBXFileReference;
			name = French;
			path = French.lproj/Credits.html;
			refType = 4;
		};
		F516EFD6030808A501000104 = {
			isa = PBXFileReference;
			name = French;
			path = French.lproj/MainMenu.nib;
			refType = 4;
		};
		F516EFD7030808A501000104 = {
			isa = PBXFileReference;
			name = French;
			path = French.lproj/GPGDocument.nib;
			refType = 4;
		};
		F516EFD8030808A501000104 = {
			isa = PBXFileReference;
			name = French;
			path = French.lproj/Preferences.nib;
			refType = 4;
		};
		F516EFD9030808A501000104 = {
			fileEncoding = 4;
			isa = PBXFileReference;
			name = French;
			path = French.lproj/InfoPlist.strings;
			refType = 4;
		};
		F516EFDA030808A501000104 = {
			fileEncoding = 4;
			isa = PBXFileReference;
			name = French;
			path = French.lproj/Localizable.strings;
			refType = 4;
		};
		F516EFDB030808A501000104 = {
			fileEncoding = 4;
			isa = PBXFileReference;
			name = Spanish;
			path = Spanish.lproj/Localizable.strings;
			refType = 4;
		};
		F527162C03B3AE020100011D = {
			isa = PBXFileReference;
			path = DocumentClearsigned.icns;
			refType = 4;
		};
		F527162D03B3AE020100011D = {
			isa = PBXFileReference;
			path = DocumentDetachedSignature.icns;
			refType = 4;
		};
		F527162E03B3AE030100011D = {
			isa = PBXFileReference;
			path = DocumentEncrypted.icns;
			refType = 4;
		};
		F527162F03B3AE030100011D = {
			isa = PBXFileReference;
			path = DocumentEncryptedAndSigned.icns;
			refType = 4;
		};
		F527163003B3AE030100011D = {
			isa = PBXFileReference;
			path = DocumentSigned.icns;
			refType = 4;
		};
		F527163103B3AE030100011D = {
			isa = PBXFileReference;
			path = GPGFileTool.icns;
			refType = 4;
		};
		F527163203B3AE030100011D = {
			fileRef = F527162C03B3AE020100011D;
			isa = PBXBuildFile;
			settings = {
			};
		};
		F527163303B3AE030100011D = {
			fileRef = F527162D03B3AE020100011D;
			isa = PBXBuildFile;
			settings = {
			};
		};
		F527163403B3AE030100011D = {
			fileRef = F527162E03B3AE030100011D;
			isa = PBXBuildFile;
			settings = {
			};
		};
		F527163503B3AE030100011D = {
			fileRef = F527162F03B3AE030100011D;
			isa = PBXBuildFile;
			settings = {
			};
		};
		F527163603B3AE030100011D = {
			fileRef = F527163003B3AE030100011D;
			isa = PBXBuildFile;
			settings = {
			};
		};
		F527163703B3AE030100011D = {
			fileRef = F527163103B3AE030100011D;
			isa = PBXBuildFile;
			settings = {
			};
		};
		F52FB274037F73FB012884B0 = {
			isa = PBXFrameworkReference;
			name = GPGME.framework;
			path = ../GPGME/build/GPGME.framework;
			refType = 2;
		};
		F52FB27A037F73FB012884B0 = {
			fileRef = F52FB274037F73FB012884B0;
			isa = PBXBuildFile;
			settings = {
			};
		};
		F530C423025276AC0128824A = {
			fileEncoding = 4;
			isa = PBXFileReference;
			path = GPGFTController.h;
			refType = 4;
		};
		F530C424025276AC0128824A = {
			fileEncoding = 4;
			isa = PBXFileReference;
			path = GPGFTController.m;
			refType = 4;
		};
		F530C425025276AC0128824A = {
			fileRef = F530C423025276AC0128824A;
			isa = PBXBuildFile;
			settings = {
			};
		};
		F530C426025276AC0128824A = {
			fileRef = F530C424025276AC0128824A;
			isa = PBXBuildFile;
			settings = {
			};
		};
		F54747D8030EF14B012884B0 = {
			fileEncoding = 4;
			isa = PBXFileReference;
			name = Spanish;
			path = Spanish.lproj/Credits.html;
			refType = 4;
		};
		F5516F2102B7E16E0128824A = {
			fileEncoding = 4;
			isa = PBXFileReference;
			name = German;
			path = German.lproj/Credits.html;
			refType = 4;
		};
		F5516F2202B7E16E0128824A = {
			isa = PBXFileReference;
			name = German;
			path = German.lproj/MainMenu.nib;
			refType = 4;
		};
		F5516F2302B7E16E0128824A = {
			isa = PBXFileReference;
			name = German;
			path = German.lproj/GPGDocument.nib;
			refType = 4;
		};
		F5516F2402B7E16E0128824A = {
			isa = PBXFileReference;
			name = German;
			path = German.lproj/Preferences.nib;
			refType = 4;
		};
		F5516F2502B7E16E0128824A = {
			fileEncoding = 4;
			isa = PBXFileReference;
			name = German;
			path = German.lproj/InfoPlist.strings;
			refType = 4;
		};
		F5516F2602B7E16E0128824A = {
			fileEncoding = 4;
			isa = PBXFileReference;
			name = German;
			path = German.lproj/Localizable.strings;
			refType = 4;
		};
		F55C3AE103A3C1AF0100011D = {
			fileEncoding = 4;
			isa = PBXFileReference;
			path = GPGDocument_IBActions.m;
			refType = 4;
		};
		F55C3AE203A3C1AF0100011D = {
			fileRef = F55C3AE103A3C1AF0100011D;
			isa = PBXBuildFile;
			settings = {
			};
		};
		F55C3AE303A3C2220100011D = {
			fileEncoding = 4;
			isa = PBXFileReference;
			path = GPGDocument_GnuPGActions.m;
			refType = 4;
		};
		F55C3AE403A3C2220100011D = {
			fileRef = F55C3AE303A3C2220100011D;
			isa = PBXBuildFile;
			settings = {
			};
		};
		F55C3AE603A3C2800100011D = {
			fileEncoding = 4;
			isa = PBXFileReference;
			path = GPGDocument_Utility.m;
			refType = 4;
		};
		F55C3AE703A3C2800100011D = {
			fileRef = F55C3AE603A3C2800100011D;
			isa = PBXBuildFile;
			settings = {
			};
		};
		F55C3B4503A3DFCE0100011D = {
			isa = PBXFrameworkReference;
			name = GPGAppKit.framework;
			path = ../GPGAppKit/build/GPGAppKit.framework;
			refType = 4;
		};
		F55C3B4F03A3DFCE0100011D = {
			fileRef = F55C3B4503A3DFCE0100011D;
			isa = PBXBuildFile;
			settings = {
			};
		};
		F55C3B5203A3DFE10100011D = {
			children = (
				2A37F4AEFDCFA73011CA2CEA,
				2A37F4ACFDCFA73011CA2CEA,
				F55C3AE103A3C1AF0100011D,
				F55C3AE303A3C2220100011D,
				F55C3AE603A3C2800100011D,
			);
			isa = PBXGroup;
			name = GPGDocument;
			refType = 4;
		};
		F55C3B5303A3E0860100011D = {
			fileRef = F52FB274037F73FB012884B0;
			isa = PBXBuildFile;
			settings = {
			};
		};
		F55C3B5803A3E0B80100011D = {
			fileRef = F55C3B4503A3DFCE0100011D;
			isa = PBXBuildFile;
			settings = {
			};
		};
		F55C3B5903A3E2640100011D = {
			fileEncoding = 4;
			isa = PBXFileReference;
			path = NSString_GPGFTExtensions.h;
			refType = 4;
		};
		F55C3B5A03A3E2640100011D = {
			fileEncoding = 4;
			isa = PBXFileReference;
			path = NSString_GPGFTExtensions.m;
			refType = 4;
		};
		F55C3B5B03A3E2640100011D = {
			fileRef = F55C3B5903A3E2640100011D;
			isa = PBXBuildFile;
			settings = {
			};
		};
		F55C3B5C03A3E2640100011D = {
			fileRef = F55C3B5A03A3E2640100011D;
			isa = PBXBuildFile;
			settings = {
			};
		};
		F571FE8802B61E510128824A = {
			fileEncoding = 4;
			isa = PBXFileReference;
			path = LocalizableStrings.h;
			refType = 4;
		};
		F571FE8902B61E510128824A = {
			fileEncoding = 4;
			isa = PBXFileReference;
			path = LocalizableStrings.m;
			refType = 4;
		};
		F571FE8C02B61F450128824A = {
			children = (
				F571FE8D02B61F450128824A,
				F5516F2602B7E16E0128824A,
				F516EFDA030808A501000104,
				F516EFDB030808A501000104,
				7F11B78803E32CCF0088D5B5,
				7F7B957A042B5AAB0028F28B,
			);
			isa = PBXVariantGroup;
			name = Localizable.strings;
			path = "";
			refType = 4;
		};
		F571FE8D02B61F450128824A = {
			fileEncoding = 4;
			isa = PBXFileReference;
			name = English;
			path = English.lproj/Localizable.strings;
			refType = 4;
		};
		F5933615025A0F1B0128824A = {
			buildActionMask = 2147483647;
			dstPath = "";
			dstSubfolderSpec = 10;
			files = (
				F55C3B5803A3E0B80100011D,
				F55C3B5303A3E0860100011D,
			);
			isa = PBXCopyFilesBuildPhase;
			runOnlyForDeploymentPostprocessing = 0;
		};
		F5A9BC1602B6A2620128824A = {
			children = (
				F5A9BC1702B6A2620128824A,
				F5516F2102B7E16E0128824A,
				F516EFD5030808A501000104,
				F54747D8030EF14B012884B0,
				7F11B78503E32CCF0088D5B5,
				7F7B9577042B5AAB0028F28B,
			);
			isa = PBXVariantGroup;
			name = Credits.html;
			path = "";
			refType = 4;
		};
		F5A9BC1702B6A2620128824A = {
			fileEncoding = 4;
			isa = PBXFileReference;
			name = English;
			path = English.lproj/Credits.html;
			refType = 4;
		};
		F5A9BC1802B6A2620128824A = {
			fileRef = F5A9BC1602B6A2620128824A;
			isa = PBXBuildFile;
			settings = {
			};
		};
		F5C8211902FF5BDF01000104 = {
			fileRef = F571FE8C02B61F450128824A;
			isa = PBXBuildFile;
			settings = {
			};
		};
		F5C8211A02FF5E2D01000104 = {
			fileRef = F571FE8802B61E510128824A;
			isa = PBXBuildFile;
			settings = {
			};
		};
		F5C8211B02FF5E2D01000104 = {
			fileRef = F571FE8902B61E510128824A;
			isa = PBXBuildFile;
			settings = {
			};
		};
		F5C8211C02FF680901000104 = {
			isa = PBXFileReference;
			name = English;
			path = English.lproj/GPGDocument.nib;
			refType = 4;
		};
		F5D07E980392CF8F012884B0 = {
			isa = PBXFileReference;
			path = TODO.ooutline;
			refType = 4;
		};
	};
	rootObject = 2A37F4A9FDCFA73011CA2CEA;
}
